// !$*UTF8*$!
{
	archiveVersion = 1;
	classes = {
	};
	objectVersion = 50;
	objects = {

/* Begin PBXBuildFile section */
		5761648B2251AA8000F073C5 /* AppDelegate.m in Sources */ = {isa = PBXBuildFile; fileRef = 5761648A2251AA8000F073C5 /* AppDelegate.m */; };
		5761648E2251AA8000F073C5 /* ViewController.m in Sources */ = {isa = PBXBuildFile; fileRef = 5761648D2251AA8000F073C5 /* ViewController.m */; };
		576164912251AA8000F073C5 /* Main.storyboard in Resources */ = {isa = PBXBuildFile; fileRef = 5761648F2251AA8000F073C5 /* Main.storyboard */; };
		576164932251AA8100F073C5 /* Assets.xcassets in Resources */ = {isa = PBXBuildFile; fileRef = 576164922251AA8100F073C5 /* Assets.xcassets */; };
		576164962251AA8100F073C5 /* LaunchScreen.storyboard in Resources */ = {isa = PBXBuildFile; fileRef = 576164942251AA8100F073C5 /* LaunchScreen.storyboard */; };
		576164992251AA8100F073C5 /* main.m in Sources */ = {isa = PBXBuildFile; fileRef = 576164982251AA8100F073C5 /* main.m */; };
		576164A22251AB2400F073C5 /* CYFConfig.m in Sources */ = {isa = PBXBuildFile; fileRef = 576164A12251AB2400F073C5 /* CYFConfig.m */; };
/* End PBXBuildFile section */

/* Begin PBXFileReference section */
		576164862251AA8000F073C5 /* CYFNetworking.app */ = {isa = PBXFileReference; explicitFileType = wrapper.application; includeInIndex = 0; path = CYFNetworking.app; sourceTree = BUILT_PRODUCTS_DIR; };
		576164892251AA8000F073C5 /* AppDelegate.h */ = {isa = PBXFileReference; lastKnownFileType = sourcecode.c.h; path = AppDelegate.h; sourceTree = "<group>"; };
		5761648A2251AA8000F073C5 /* AppDelegate.m */ = {isa = PBXFileReference; lastKnownFileType = sourcecode.c.objc; path = AppDelegate.m; sourceTree = "<group>"; };
		5761648C2251AA8000F073C5 /* ViewController.h */ = {isa = PBXFileReference; lastKnownFileType = sourcecode.c.h; path = ViewController.h; sourceTree = "<group>"; };
		5761648D2251AA8000F073C5 /* ViewController.m */ = {isa = PBXFileReference; lastKnownFileType = sourcecode.c.objc; path = ViewController.m; sourceTree = "<group>"; };
		576164902251AA8000F073C5 /* Base */ = {isa = PBXFileReference; lastKnownFileType = file.storyboard; name = Base; path = Base.lproj/Main.storyboard; sourceTree = "<group>"; };
		576164922251AA8100F073C5 /* Assets.xcassets */ = {isa = PBXFileReference; lastKnownFileType = folder.assetcatalog; path = Assets.xcassets; sourceTree = "<group>"; };
		576164952251AA8100F073C5 /* Base */ = {isa = PBXFileReference; lastKnownFileType = file.storyboard; name = Base; path = Base.lproj/LaunchScreen.storyboard; sourceTree = "<group>"; };
		576164972251AA8100F073C5 /* Info.plist */ = {isa = PBXFileReference; lastKnownFileType = text.plist.xml; path = Info.plist; sourceTree = "<group>"; };
		576164982251AA8100F073C5 /* main.m */ = {isa = PBXFileReference; lastKnownFileType = sourcecode.c.objc; path = main.m; sourceTree = "<group>"; };
		576164A02251AB2400F073C5 /* CYFConfig.h */ = {isa = PBXFileReference; lastKnownFileType = sourcecode.c.h; path = CYFConfig.h; sourceTree = "<group>"; };
		576164A12251AB2400F073C5 /* CYFConfig.m */ = {isa = PBXFileReference; lastKnownFileType = sourcecode.c.objc; path = CYFConfig.m; sourceTree = "<group>"; };
/* End PBXFileReference section */

/* Begin PBXFrameworksBuildPhase section */
		576164832251AA8000F073C5 /* Frameworks */ = {
			isa = PBXFrameworksBuildPhase;
			buildActionMask = 2147483647;
			files = (
			);
			runOnlyForDeploymentPostprocessing = 0;
		};
/* End PBXFrameworksBuildPhase section */

/* Begin PBXGroup section */
		5761647D2251AA8000F073C5 = {
			isa = PBXGroup;
			children = (
				576164882251AA8000F073C5 /* CYFNetworking */,
				576164872251AA8000F073C5 /* Products */,
			);
			sourceTree = "<group>";
		};
		576164872251AA8000F073C5 /* Products */ = {
			isa = PBXGroup;
			children = (
				576164862251AA8000F073C5 /* CYFNetworking.app */,
			);
			name = Products;
			sourceTree = "<group>";
		};
		576164882251AA8000F073C5 /* CYFNetworking */ = {
			isa = PBXGroup;
			children = (
				5761649F2251AAAA00F073C5 /* Classes */,
				576164892251AA8000F073C5 /* AppDelegate.h */,
				5761648A2251AA8000F073C5 /* AppDelegate.m */,
				5761648C2251AA8000F073C5 /* ViewController.h */,
				5761648D2251AA8000F073C5 /* ViewController.m */,
				5761648F2251AA8000F073C5 /* Main.storyboard */,
				576164922251AA8100F073C5 /* Assets.xcassets */,
				576164942251AA8100F073C5 /* LaunchScreen.storyboard */,
				576164972251AA8100F073C5 /* Info.plist */,
				576164982251AA8100F073C5 /* main.m */,
			);
			path = CYFNetworking;
			sourceTree = "<group>";
		};
		5761649F2251AAAA00F073C5 /* Classes */ = {
			isa = PBXGroup;
			children = (
				576164A02251AB2400F073C5 /* CYFConfig.h */,
				576164A12251AB2400F073C5 /* CYFConfig.m */,
			);
			path = Classes;
			sourceTree = "<group>";
		};
/* End PBXGroup section */

/* Begin PBXNativeTarget section */
		576164852251AA8000F073C5 /* CYFNetworking */ = {
			isa = PBXNativeTarget;
			buildConfigurationList = 5761649C2251AA8100F073C5 /* Build configuration list for PBXNativeTarget "CYFNetworking" */;
			buildPhases = (
				576164822251AA8000F073C5 /* Sources */,
				576164832251AA8000F073C5 /* Frameworks */,
				576164842251AA8000F073C5 /* Resources */,
			);
			buildRules = (
			);
			dependencies = (
			);
			name = CYFNetworking;
			productName = CYFNetworking;
			productReference = 576164862251AA8000F073C5 /* CYFNetworking.app */;
			productType = "com.apple.product-type.application";
		};
/* End PBXNativeTarget section */

/* Begin PBXProject section */
		5761647E2251AA8000F073C5 /* Project object */ = {
			isa = PBXProject;
			attributes = {
				LastUpgradeCheck = 1010;
				ORGANIZATIONNAME = tsaievan;
				TargetAttributes = {
					576164852251AA8000F073C5 = {
						CreatedOnToolsVersion = 10.1;
					};
				};
			};
			buildConfigurationList = 576164812251AA8000F073C5 /* Build configuration list for PBXProject "CYFNetworking" */;
			compatibilityVersion = "Xcode 9.3";
			developmentRegion = en;
			hasScannedForEncodings = 0;
			knownRegions = (
				en,
				Base,
			);
			mainGroup = 5761647D2251AA8000F073C5;
			productRefGroup = 576164872251AA8000F073C5 /* Products */;
			projectDirPath = "";
			projectRoot = "";
			targets = (
				576164852251AA8000F073C5 /* CYFNetworking */,
			);
		};
/* End PBXProject section */

/* Begin PBXResourcesBuildPhase section */
		576164842251AA8000F073C5 /* Resources */ = {
			isa = PBXResourcesBuildPhase;
			buildActionMask = 2147483647;
			files = (
				576164962251AA8100F073C5 /* LaunchScreen.storyboard in Resources */,
				576164932251AA8100F073C5 /* Assets.xcassets in Resources */,
				576164912251AA8000F073C5 /* Main.storyboard in Resources */,
			);
			runOnlyForDeploymentPostprocessing = 0;
		};
/* End PBXResourcesBuildPhase section */

/* Begin PBXSourcesBuildPhase section */
		576164822251AA8000F073C5 /* Sources */ = {
			isa = PBXSourcesBuildPhase;
			buildActionMask = 2147483647;
			files = (
				5761648E2251AA8000F073C5 /* ViewController.m in Sources */,
				576164992251AA8100F073C5 /* main.m in Sources */,
				576164A22251AB2400F073C5 /* CYFConfig.m in Sources */,
				5761648B2251AA8000F073C5 /* AppDelegate.m in Sources */,
			);
			runOnlyForDeploymentPostprocessing = 0;
		};
/* End PBXSourcesBuildPhase section */

/* Begin PBXVariantGroup section */
		5761648F2251AA8000F073C5 /* Main.storyboard */ = {
			isa = PBXVariantGroup;
			children = (
				576164902251AA8000F073C5 /* Base */,
			);
			name = Main.storyboard;
			sourceTree = "<group>";
		};
		576164942251AA8100F073C5 /* LaunchScreen.storyboard */ = {
			isa = PBXVariantGroup;
			children = (
				576164952251AA8100F073C5 /* Base */,
			);
			name = LaunchScreen.storyboard;
			sourceTree = "<group>";
		};
/* End PBXVariantGroup section */

/* Begin XCBuildConfiguration section */
		5761649A2251AA8100F073C5 /* Debug */ = {
			isa = XCBuildConfiguration;
			buildSettings = {
				ALWAYS_SEARCH_USER_PATHS = NO;
				CLANG_ANALYZER_NONNULL = YES;
				CLANG_ANALYZER_NUMBER_OBJECT_CONVERSION = YES_AGGRESSIVE;
				CLANG_CXX_LANGUAGE_STANDARD = "gnu++14";
				CLANG_CXX_LIBRARY = "libc++";
				CLANG_ENABLE_MODULES = YES;
				CLANG_ENABLE_OBJC_ARC = YES;
				CLANG_ENABLE_OBJC_WEAK = YES;
				CLANG_WARN_BLOCK_CAPTURE_AUTORELEASING = YES;
				CLANG_WARN_BOOL_CONVERSION = YES;
				CLANG_WARN_COMMA = YES;
				CLANG_WARN_CONSTANT_CONVERSION = YES;
				CLANG_WARN_DEPRECATED_OBJC_IMPLEMENTATIONS = YES;
				CLANG_WARN_DIRECT_OBJC_ISA_USAGE = YES_ERROR;
				CLANG_WARN_DOCUMENTATION_COMMENTS = YES;
				CLANG_WARN_EMPTY_BODY = YES;
				CLANG_WARN_ENUM_CONVERSION = YES;
				CLANG_WARN_INFINITE_RECURSION = YES;
				CLANG_WARN_INT_CONVERSION = YES;
				CLANG_WARN_NON_LITERAL_NULL_CONVERSION = YES;
				CLANG_WARN_OBJC_IMPLICIT_RETAIN_SELF = YES;
				CLANG_WARN_OBJC_LITERAL_CONVERSION = YES;
				CLANG_WARN_OBJC_ROOT_CLASS = YES_ERROR;
				CLANG_WARN_RANGE_LOOP_ANALYSIS = YES;
				CLANG_WARN_STRICT_PROTOTYPES = YES;
				CLANG_WARN_SUSPICIOUS_MOVE = YES;
				CLANG_WARN_UNGUARDED_AVAILABILITY = YES_AGGRESSIVE;
				CLANG_WARN_UNREACHABLE_CODE = YES;
				CLANG_WARN__DUPLICATE_METHOD_MATCH = YES;
				CODE_SIGN_IDENTITY = "iPhone Developer";
				COPY_PHASE_STRIP = NO;
				DEBUG_INFORMATION_FORMAT = dwarf;
				ENABLE_STRICT_OBJC_MSGSEND = YES;
				ENABLE_TESTABILITY = YES;
				GCC_C_LANGUAGE_STANDARD = gnu11;
				GCC_DYNAMIC_NO_PIC = NO;
				GCC_NO_COMMON_BLOCKS = YES;
				GCC_OPTIMIZATION_LEVEL = 0;
				GCC_PREPROCESSOR_DEFINITIONS = (
					"DEBUG=1",
					"$(inherited)",
				);
				GCC_WARN_64_TO_32_BIT_CONVERSION = YES;
				GCC_WARN_ABOUT_RETURN_TYPE = YES_ERROR;
				GCC_WARN_UNDECLARED_SELECTOR = YES;
				GCC_WARN_UNINITIALIZED_AUTOS = YES_AGGRESSIVE;
				GCC_WARN_UNUSED_FUNCTION = YES;
				GCC_WARN_UNUSED_VARIABLE = YES;
				IPHONEOS_DEPLOYMENT_TARGET = 12.1;
				MTL_ENABLE_DEBUG_INFO = INCLUDE_SOURCE;
				MTL_FAST_MATH = YES;
				ONLY_ACTIVE_ARCH = YES;
				SDKROOT = iphoneos;
			};
			name = Debug;
		};
		5761649B2251AA8100F073C5 /* Release */ = {
			isa = XCBuildConfiguration;
			buildSettings = {
				ALWAYS_SEARCH_USER_PATHS = NO;
				CLANG_ANALYZER_NONNULL = YES;
				CLANG_ANALYZER_NUMBER_OBJECT_CONVERSION = YES_AGGRESSIVE;
				CLANG_CXX_LANGUAGE_STANDARD = "gnu++14";
				CLANG_CXX_LIBRARY = "libc++";
				CLANG_ENABLE_MODULES = YES;
				CLANG_ENABLE_OBJC_ARC = YES;
				CLANG_ENABLE_OBJC_WEAK = YES;
				CLANG_WARN_BLOCK_CAPTURE_AUTORELEASING = YES;
				CLANG_WARN_BOOL_CONVERSION = YES;
				CLANG_WARN_COMMA = YES;
				CLANG_WARN_CONSTANT_CONVERSION = YES;
				CLANG_WARN_DEPRECATED_OBJC_IMPLEMENTATIONS = YES;
				CLANG_WARN_DIRECT_OBJC_ISA_USAGE = YES_ERROR;
				CLANG_WARN_DOCUMENTATION_COMMENTS = YES;
				CLANG_WARN_EMPTY_BODY = YES;
				CLANG_WARN_ENUM_CONVERSION = YES;
				CLANG_WARN_INFINITE_RECURSION = YES;
				CLANG_WARN_INT_CONVERSION = YES;
				CLANG_WARN_NON_LITERAL_NULL_CONVERSION = YES;
				CLANG_WARN_OBJC_IMPLICIT_RETAIN_SELF = YES;
				CLANG_WARN_OBJC_LITERAL_CONVERSION = YES;
				CLANG_WARN_OBJC_ROOT_CLASS = YES_ERROR;
				CLANG_WARN_RANGE_LOOP_ANALYSIS = YES;
				CLANG_WARN_STRICT_PROTOTYPES = YES;
				CLANG_WARN_SUSPICIOUS_MOVE = YES;
				CLANG_WARN_UNGUARDED_AVAILABILITY = YES_AGGRESSIVE;
				CLANG_WARN_UNREACHABLE_CODE = YES;
				CLANG_WARN__DUPLICATE_METHOD_MATCH = YES;
				CODE_SIGN_IDENTITY = "iPhone Developer";
				COPY_PHASE_STRIP = NO;
				DEBUG_INFORMATION_FORMAT = "dwarf-with-dsym";
				ENABLE_NS_ASSERTIONS = NO;
				ENABLE_STRICT_OBJC_MSGSEND = YES;
				GCC_C_LANGUAGE_STANDARD = gnu11;
				GCC_NO_COMMON_BLOCKS = YES;
				GCC_WARN_64_TO_32_BIT_CONVERSION = YES;
				GCC_WARN_ABOUT_RETURN_TYPE = YES_ERROR;
				GCC_WARN_UNDECLARED_SELECTOR = YES;
				GCC_WARN_UNINITIALIZED_AUTOS = YES_AGGRESSIVE;
				GCC_WARN_UNUSED_FUNCTION = YES;
				GCC_WARN_UNUSED_VARIABLE = YES;
				IPHONEOS_DEPLOYMENT_TARGET = 12.1;
				MTL_ENABLE_DEBUG_INFO = NO;
				MTL_FAST_MATH = YES;
				SDKROOT = iphoneos;
				VALIDATE_PRODUCT = YES;
			};
			name = Release;
		};
		5761649D2251AA8100F073C5 /* Debug */ = {
			isa = XCBuildConfiguration;
			buildSettings = {
				ASSETCATALOG_COMPILER_APPICON_NAME = AppIcon;
				CODE_SIGN_STYLE = Automatic;
				INFOPLIST_FILE = CYFNetworking/Info.plist;
				LD_RUNPATH_SEARCH_PATHS = (
					"$(inherited)",
					"@executable_path/Frameworks",
				);
				PRODUCT_BUNDLE_IDENTIFIER = com.tsaievan.CYFNetworking;
				PRODUCT_NAME = "$(TARGET_NAME)";
				TARGETED_DEVICE_FAMILY = "1,2";
			};
			name = Debug;
		};
		5761649E2251AA8100F073C5 /* Release */ = {
			isa = XCBuildConfiguration;
			buildSettings = {
				ASSETCATALOG_COMPILER_APPICON_NAME = AppIcon;
				CODE_SIGN_STYLE = Automatic;
				INFOPLIST_FILE = CYFNetworking/Info.plist;
				LD_RUNPATH_SEARCH_PATHS = (
					"$(inherited)",
					"@executable_path/Frameworks",
				);
				PRODUCT_BUNDLE_IDENTIFIER = com.tsaievan.CYFNetworking;
				PRODUCT_NAME = "$(TARGET_NAME)";
				TARGETED_DEVICE_FAMILY = "1,2";
			};
			name = Release;
		};
/* End XCBuildConfiguration section */

/* Begin XCConfigurationList section */
		576164812251AA8000F073C5 /* Build configuration list for PBXProject "CYFNetworking" */ = {
			isa = XCConfigurationList;
			buildConfigurations = (
				5761649A2251AA8100F073C5 /* Debug */,
				5761649B2251AA8100F073C5 /* Release */,
			);
			defaultConfigurationIsVisible = 0;
			defaultConfigurationName = Release;
		};
		5761649C2251AA8100F073C5 /* Build configuration list for PBXNativeTarget "CYFNetworking" */ = {
			isa = XCConfigurationList;
			buildConfigurations = (
				5761649D2251AA8100F073C5 /* Debug */,
				5761649E2251AA8100F073C5 /* Release */,
			);
			defaultConfigurationIsVisible = 0;
			defaultConfigurationName = Release;
		};
/* End XCConfigurationList section */
	};
	rootObject = 5761647E2251AA8000F073C5 /* Project object */;
}
